// !$*UTF8*$!
{
	archiveVersion = 1;
	classes = {
	};
	objectVersion = 56;
	objects = {

/* Begin PBXBuildFile section */
		9FFD56DA299F12400040B573 /* AvGeek_GuyApp.swift in Sources */ = {isa = PBXBuildFile; fileRef = 9FFD56D9299F12400040B573 /* AvGeek_GuyApp.swift */; };
		9FFD56DC299F12400040B573 /* Persistence.swift in Sources */ = {isa = PBXBuildFile; fileRef = 9FFD56DB299F12400040B573 /* Persistence.swift */; };
		9FFD56DF299F12400040B573 /* AvGeek_Guy.xcdatamodeld in Sources */ = {isa = PBXBuildFile; fileRef = 9FFD56DD299F12400040B573 /* AvGeek_Guy.xcdatamodeld */; };
		9FFD56E1299F12400040B573 /* ContentView.swift in Sources */ = {isa = PBXBuildFile; fileRef = 9FFD56E0299F12400040B573 /* ContentView.swift */; };
		9FFD56E3299F12430040B573 /* Assets.xcassets in Resources */ = {isa = PBXBuildFile; fileRef = 9FFD56E2299F12430040B573 /* Assets.xcassets */; };
		9FFD56E7299F12430040B573 /* Preview Assets.xcassets in Resources */ = {isa = PBXBuildFile; fileRef = 9FFD56E6299F12430040B573 /* Preview Assets.xcassets */; };
		9FFD56F1299F12430040B573 /* AvGeek_GuyTests.swift in Sources */ = {isa = PBXBuildFile; fileRef = 9FFD56F0299F12430040B573 /* AvGeek_GuyTests.swift */; };
		9FFD56FB299F12430040B573 /* AvGeek_GuyUITests.swift in Sources */ = {isa = PBXBuildFile; fileRef = 9FFD56FA299F12430040B573 /* AvGeek_GuyUITests.swift */; };
		9FFD56FD299F12430040B573 /* AvGeek_GuyUITestsLaunchTests.swift in Sources */ = {isa = PBXBuildFile; fileRef = 9FFD56FC299F12430040B573 /* AvGeek_GuyUITestsLaunchTests.swift */; };
/* End PBXBuildFile section */

/* Begin PBXContainerItemProxy section */
		9FFD56ED299F12430040B573 /* PBXContainerItemProxy */ = {
			isa = PBXContainerItemProxy;
			containerPortal = 9FFD56CE299F12400040B573 /* Project object */;
			proxyType = 1;
			remoteGlobalIDString = 9FFD56D5299F12400040B573;
			remoteInfo = "AvGeek Guy";
		};
		9FFD56F7299F12430040B573 /* PBXContainerItemProxy */ = {
			isa = PBXContainerItemProxy;
			containerPortal = 9FFD56CE299F12400040B573 /* Project object */;
			proxyType = 1;
			remoteGlobalIDString = 9FFD56D5299F12400040B573;
			remoteInfo = "AvGeek Guy";
		};
/* End PBXContainerItemProxy section */

/* Begin PBXFileReference section */
		9FFD56D6299F12400040B573 /* AvGeek Guy.app */ = {isa = PBXFileReference; explicitFileType = wrapper.application; includeInIndex = 0; path = "AvGeek Guy.app"; sourceTree = BUILT_PRODUCTS_DIR; };
		9FFD56D9299F12400040B573 /* AvGeek_GuyApp.swift */ = {isa = PBXFileReference; lastKnownFileType = sourcecode.swift; path = AvGeek_GuyApp.swift; sourceTree = "<group>"; };
		9FFD56DB299F12400040B573 /* Persistence.swift */ = {isa = PBXFileReference; lastKnownFileType = sourcecode.swift; path = Persistence.swift; sourceTree = "<group>"; };
		9FFD56DE299F12400040B573 /* AvGeek_Guy.xcdatamodel */ = {isa = PBXFileReference; lastKnownFileType = wrapper.xcdatamodel; path = AvGeek_Guy.xcdatamodel; sourceTree = "<group>"; };
		9FFD56E0299F12400040B573 /* ContentView.swift */ = {isa = PBXFileReference; lastKnownFileType = sourcecode.swift; path = ContentView.swift; sourceTree = "<group>"; };
		9FFD56E2299F12430040B573 /* Assets.xcassets */ = {isa = PBXFileReference; lastKnownFileType = folder.assetcatalog; path = Assets.xcassets; sourceTree = "<group>"; };
		9FFD56E4299F12430040B573 /* AvGeek_Guy.entitlements */ = {isa = PBXFileReference; lastKnownFileType = text.plist.entitlements; path = AvGeek_Guy.entitlements; sourceTree = "<group>"; };
		9FFD56E6299F12430040B573 /* Preview Assets.xcassets */ = {isa = PBXFileReference; lastKnownFileType = folder.assetcatalog; path = "Preview Assets.xcassets"; sourceTree = "<group>"; };
		9FFD56EC299F12430040B573 /* AvGeek GuyTests.xctest */ = {isa = PBXFileReference; explicitFileType = wrapper.cfbundle; includeInIndex = 0; path = "AvGeek GuyTests.xctest"; sourceTree = BUILT_PRODUCTS_DIR; };
		9FFD56F0299F12430040B573 /* AvGeek_GuyTests.swift */ = {isa = PBXFileReference; lastKnownFileType = sourcecode.swift; path = AvGeek_GuyTests.swift; sourceTree = "<group>"; };
		9FFD56F6299F12430040B573 /* AvGeek GuyUITests.xctest */ = {isa = PBXFileReference; explicitFileType = wrapper.cfbundle; includeInIndex = 0; path = "AvGeek GuyUITests.xctest"; sourceTree = BUILT_PRODUCTS_DIR; };
		9FFD56FA299F12430040B573 /* AvGeek_GuyUITests.swift */ = {isa = PBXFileReference; lastKnownFileType = sourcecode.swift; path = AvGeek_GuyUITests.swift; sourceTree = "<group>"; };
		9FFD56FC299F12430040B573 /* AvGeek_GuyUITestsLaunchTests.swift */ = {isa = PBXFileReference; lastKnownFileType = sourcecode.swift; path = AvGeek_GuyUITestsLaunchTests.swift; sourceTree = "<group>"; };
/* End PBXFileReference section */

/* Begin PBXFrameworksBuildPhase section */
		9FFD56D3299F12400040B573 /* Frameworks */ = {
			isa = PBXFrameworksBuildPhase;
			buildActionMask = 2147483647;
			files = (
			);
			runOnlyForDeploymentPostprocessing = 0;
		};
		9FFD56E9299F12430040B573 /* Frameworks */ = {
			isa = PBXFrameworksBuildPhase;
			buildActionMask = 2147483647;
			files = (
			);
			runOnlyForDeploymentPostprocessing = 0;
		};
		9FFD56F3299F12430040B573 /* Frameworks */ = {
			isa = PBXFrameworksBuildPhase;
			buildActionMask = 2147483647;
			files = (
			);
			runOnlyForDeploymentPostprocessing = 0;
		};
/* End PBXFrameworksBuildPhase section */

/* Begin PBXGroup section */
		9FFD56CD299F12400040B573 = {
			isa = PBXGroup;
			children = (
				9FFD56D8299F12400040B573 /* AvGeek Guy */,
				9FFD56EF299F12430040B573 /* AvGeek GuyTests */,
				9FFD56F9299F12430040B573 /* AvGeek GuyUITests */,
				9FFD56D7299F12400040B573 /* Products */,
			);
			sourceTree = "<group>";
		};
		9FFD56D7299F12400040B573 /* Products */ = {
			isa = PBXGroup;
			children = (
				9FFD56D6299F12400040B573 /* AvGeek Guy.app */,
				9FFD56EC299F12430040B573 /* AvGeek GuyTests.xctest */,
				9FFD56F6299F12430040B573 /* AvGeek GuyUITests.xctest */,
			);
			name = Products;
			sourceTree = "<group>";
		};
		9FFD56D8299F12400040B573 /* AvGeek Guy */ = {
			isa = PBXGroup;
			children = (
				9FFD56D9299F12400040B573 /* AvGeek_GuyApp.swift */,
				9FFD56DB299F12400040B573 /* Persistence.swift */,
				9FFD56E0299F12400040B573 /* ContentView.swift */,
				9FFD56E2299F12430040B573 /* Assets.xcassets */,
				9FFD56E4299F12430040B573 /* AvGeek_Guy.entitlements */,
				9FFD56DD299F12400040B573 /* AvGeek_Guy.xcdatamodeld */,
				9FFD56E5299F12430040B573 /* Preview Content */,
			);
			path = "AvGeek Guy";
			sourceTree = "<group>";
		};
		9FFD56E5299F12430040B573 /* Preview Content */ = {
			isa = PBXGroup;
			children = (
				9FFD56E6299F12430040B573 /* Preview Assets.xcassets */,
			);
			path = "Preview Content";
			sourceTree = "<group>";
		};
		9FFD56EF299F12430040B573 /* AvGeek GuyTests */ = {
			isa = PBXGroup;
			children = (
				9FFD56F0299F12430040B573 /* AvGeek_GuyTests.swift */,
			);
			path = "AvGeek GuyTests";
			sourceTree = "<group>";
		};
		9FFD56F9299F12430040B573 /* AvGeek GuyUITests */ = {
			isa = PBXGroup;
			children = (
				9FFD56FA299F12430040B573 /* AvGeek_GuyUITests.swift */,
				9FFD56FC299F12430040B573 /* AvGeek_GuyUITestsLaunchTests.swift */,
			);
			path = "AvGeek GuyUITests";
			sourceTree = "<group>";
		};
/* End PBXGroup section */

/* Begin PBXNativeTarget section */
		9FFD56D5299F12400040B573 /* AvGeek Guy */ = {
			isa = PBXNativeTarget;
			buildConfigurationList = 9FFD5700299F12430040B573 /* Build configuration list for PBXNativeTarget "AvGeek Guy" */;
			buildPhases = (
				9FFD56D2299F12400040B573 /* Sources */,
				9FFD56D3299F12400040B573 /* Frameworks */,
				9FFD56D4299F12400040B573 /* Resources */,
			);
			buildRules = (
			);
			dependencies = (
			);
			name = "AvGeek Guy";
			productName = "AvGeek Guy";
			productReference = 9FFD56D6299F12400040B573 /* AvGeek Guy.app */;
			productType = "com.apple.product-type.application";
		};
		9FFD56EB299F12430040B573 /* AvGeek GuyTests */ = {
			isa = PBXNativeTarget;
			buildConfigurationList = 9FFD5703299F12430040B573 /* Build configuration list for PBXNativeTarget "AvGeek GuyTests" */;
			buildPhases = (
				9FFD56E8299F12430040B573 /* Sources */,
				9FFD56E9299F12430040B573 /* Frameworks */,
				9FFD56EA299F12430040B573 /* Resources */,
			);
			buildRules = (
			);
			dependencies = (
				9FFD56EE299F12430040B573 /* PBXTargetDependency */,
			);
			name = "AvGeek GuyTests";
			productName = "AvGeek GuyTests";
			productReference = 9FFD56EC299F12430040B573 /* AvGeek GuyTests.xctest */;
			productType = "com.apple.product-type.bundle.unit-test";
		};
		9FFD56F5299F12430040B573 /* AvGeek GuyUITests */ = {
			isa = PBXNativeTarget;
			buildConfigurationList = 9FFD5706299F12430040B573 /* Build configuration list for PBXNativeTarget "AvGeek GuyUITests" */;
			buildPhases = (
				9FFD56F2299F12430040B573 /* Sources */,
				9FFD56F3299F12430040B573 /* Frameworks */,
				9FFD56F4299F12430040B573 /* Resources */,
			);
			buildRules = (
			);
			dependencies = (
				9FFD56F8299F12430040B573 /* PBXTargetDependency */,
			);
			name = "AvGeek GuyUITests";
			productName = "AvGeek GuyUITests";
			productReference = 9FFD56F6299F12430040B573 /* AvGeek GuyUITests.xctest */;
			productType = "com.apple.product-type.bundle.ui-testing";
		};
/* End PBXNativeTarget section */

/* Begin PBXProject section */
		9FFD56CE299F12400040B573 /* Project object */ = {
			isa = PBXProject;
			attributes = {
				BuildIndependentTargetsInParallel = 1;
				LastSwiftUpdateCheck = 1420;
				LastUpgradeCheck = 1420;
				TargetAttributes = {
					9FFD56D5299F12400040B573 = {
						CreatedOnToolsVersion = 14.2;
					};
					9FFD56EB299F12430040B573 = {
						CreatedOnToolsVersion = 14.2;
						TestTargetID = 9FFD56D5299F12400040B573;
					};
					9FFD56F5299F12430040B573 = {
						CreatedOnToolsVersion = 14.2;
						TestTargetID = 9FFD56D5299F12400040B573;
					};
				};
			};
			buildConfigurationList = 9FFD56D1299F12400040B573 /* Build configuration list for PBXProject "AvGeek Guy" */;
			compatibilityVersion = "Xcode 14.0";
			developmentRegion = en;
			hasScannedForEncodings = 0;
			knownRegions = (
				en,
				Base,
			);
			mainGroup = 9FFD56CD299F12400040B573;
			productRefGroup = 9FFD56D7299F12400040B573 /* Products */;
			projectDirPath = "";
			projectRoot = "";
			targets = (
				9FFD56D5299F12400040B573 /* AvGeek Guy */,
				9FFD56EB299F12430040B573 /* AvGeek GuyTests */,
				9FFD56F5299F12430040B573 /* AvGeek GuyUITests */,
			);
		};
/* End PBXProject section */

/* Begin PBXResourcesBuildPhase section */
		9FFD56D4299F12400040B573 /* Resources */ = {
			isa = PBXResourcesBuildPhase;
			buildActionMask = 2147483647;
			files = (
				9FFD56E7299F12430040B573 /* Preview Assets.xcassets in Resources */,
				9FFD56E3299F12430040B573 /* Assets.xcassets in Resources */,
			);
			runOnlyForDeploymentPostprocessing = 0;
		};
		9FFD56EA299F12430040B573 /* Resources */ = {
			isa = PBXResourcesBuildPhase;
			buildActionMask = 2147483647;
			files = (
			);
			runOnlyForDeploymentPostprocessing = 0;
		};
		9FFD56F4299F12430040B573 /* Resources */ = {
			isa = PBXResourcesBuildPhase;
			buildActionMask = 2147483647;
			files = (
			);
			runOnlyForDeploymentPostprocessing = 0;
		};
/* End PBXResourcesBuildPhase section */

/* Begin PBXSourcesBuildPhase section */
		9FFD56D2299F12400040B573 /* Sources */ = {
			isa = PBXSourcesBuildPhase;
			buildActionMask = 2147483647;
			files = (
				9FFD56DA299F12400040B573 /* AvGeek_GuyApp.swift in Sources */,
				9FFD56DC299F12400040B573 /* Persistence.swift in Sources */,
				9FFD56E1299F12400040B573 /* ContentView.swift in Sources */,
				9FFD56DF299F12400040B573 /* AvGeek_Guy.xcdatamodeld in Sources */,
			);
			runOnlyForDeploymentPostprocessing = 0;
		};
		9FFD56E8299F12430040B573 /* Sources */ = {
			isa = PBXSourcesBuildPhase;
			buildActionMask = 2147483647;
			files = (
				9FFD56F1299F12430040B573 /* AvGeek_GuyTests.swift in Sources */,
			);
			runOnlyForDeploymentPostprocessing = 0;
		};
		9FFD56F2299F12430040B573 /* Sources */ = {
			isa = PBXSourcesBuildPhase;
			buildActionMask = 2147483647;
			files = (
				9FFD56FB299F12430040B573 /* AvGeek_GuyUITests.swift in Sources */,
				9FFD56FD299F12430040B573 /* AvGeek_GuyUITestsLaunchTests.swift in Sources */,
			);
			runOnlyForDeploymentPostprocessing = 0;
		};
/* End PBXSourcesBuildPhase section */

/* Begin PBXTargetDependency section */
		9FFD56EE299F12430040B573 /* PBXTargetDependency */ = {
			isa = PBXTargetDependency;
			target = 9FFD56D5299F12400040B573 /* AvGeek Guy */;
			targetProxy = 9FFD56ED299F12430040B573 /* PBXContainerItemProxy */;
		};
		9FFD56F8299F12430040B573 /* PBXTargetDependency */ = {
			isa = PBXTargetDependency;
			target = 9FFD56D5299F12400040B573 /* AvGeek Guy */;
			targetProxy = 9FFD56F7299F12430040B573 /* PBXContainerItemProxy */;
		};
/* End PBXTargetDependency section */

/* Begin XCBuildConfiguration section */
		9FFD56FE299F12430040B573 /* Debug */ = {
			isa = XCBuildConfiguration;
			buildSettings = {
				ALWAYS_SEARCH_USER_PATHS = NO;
				CLANG_ANALYZER_NONNULL = YES;
				CLANG_ANALYZER_NUMBER_OBJECT_CONVERSION = YES_AGGRESSIVE;
				CLANG_CXX_LANGUAGE_STANDARD = "gnu++20";
				CLANG_ENABLE_MODULES = YES;
				CLANG_ENABLE_OBJC_ARC = YES;
				CLANG_ENABLE_OBJC_WEAK = YES;
				CLANG_WARN_BLOCK_CAPTURE_AUTORELEASING = YES;
				CLANG_WARN_BOOL_CONVERSION = YES;
				CLANG_WARN_COMMA = YES;
				CLANG_WARN_CONSTANT_CONVERSION = YES;
				CLANG_WARN_DEPRECATED_OBJC_IMPLEMENTATIONS = YES;
				CLANG_WARN_DIRECT_OBJC_ISA_USAGE = YES_ERROR;
				CLANG_WARN_DOCUMENTATION_COMMENTS = YES;
				CLANG_WARN_EMPTY_BODY = YES;
				CLANG_WARN_ENUM_CONVERSION = YES;
				CLANG_WARN_INFINITE_RECURSION = YES;
				CLANG_WARN_INT_CONVERSION = YES;
				CLANG_WARN_NON_LITERAL_NULL_CONVERSION = YES;
				CLANG_WARN_OBJC_IMPLICIT_RETAIN_SELF = YES;
				CLANG_WARN_OBJC_LITERAL_CONVERSION = YES;
				CLANG_WARN_OBJC_ROOT_CLASS = YES_ERROR;
				CLANG_WARN_QUOTED_INCLUDE_IN_FRAMEWORK_HEADER = YES;
				CLANG_WARN_RANGE_LOOP_ANALYSIS = YES;
				CLANG_WARN_STRICT_PROTOTYPES = YES;
				CLANG_WARN_SUSPICIOUS_MOVE = YES;
				CLANG_WARN_UNGUARDED_AVAILABILITY = YES_AGGRESSIVE;
				CLANG_WARN_UNREACHABLE_CODE = YES;
				CLANG_WARN__DUPLICATE_METHOD_MATCH = YES;
				COPY_PHASE_STRIP = NO;
				DEBUG_INFORMATION_FORMAT = dwarf;
				ENABLE_STRICT_OBJC_MSGSEND = YES;
				ENABLE_TESTABILITY = YES;
				GCC_C_LANGUAGE_STANDARD = gnu11;
				GCC_DYNAMIC_NO_PIC = NO;
				GCC_NO_COMMON_BLOCKS = YES;
				GCC_OPTIMIZATION_LEVEL = 0;
				GCC_PREPROCESSOR_DEFINITIONS = (
					"DEBUG=1",
					"$(inherited)",
				);
				GCC_WARN_64_TO_32_BIT_CONVERSION = YES;
				GCC_WARN_ABOUT_RETURN_TYPE = YES_ERROR;
				GCC_WARN_UNDECLARED_SELECTOR = YES;
				GCC_WARN_UNINITIALIZED_AUTOS = YES_AGGRESSIVE;
				GCC_WARN_UNUSED_FUNCTION = YES;
				GCC_WARN_UNUSED_VARIABLE = YES;
				MTL_ENABLE_DEBUG_INFO = INCLUDE_SOURCE;
				MTL_FAST_MATH = YES;
				ONLY_ACTIVE_ARCH = YES;
				SWIFT_ACTIVE_COMPILATION_CONDITIONS = DEBUG;
				SWIFT_OPTIMIZATION_LEVEL = "-Onone";
			};
			name = Debug;
		};
		9FFD56FF299F12430040B573 /* Release */ = {
			isa = XCBuildConfiguration;
			buildSettings = {
				ALWAYS_SEARCH_USER_PATHS = NO;
				CLANG_ANALYZER_NONNULL = YES;
				CLANG_ANALYZER_NUMBER_OBJECT_CONVERSION = YES_AGGRESSIVE;
				CLANG_CXX_LANGUAGE_STANDARD = "gnu++20";
				CLANG_ENABLE_MODULES = YES;
				CLANG_ENABLE_OBJC_ARC = YES;
				CLANG_ENABLE_OBJC_WEAK = YES;
				CLANG_WARN_BLOCK_CAPTURE_AUTORELEASING = YES;
				CLANG_WARN_BOOL_CONVERSION = YES;
				CLANG_WARN_COMMA = YES;
				CLANG_WARN_CONSTANT_CONVERSION = YES;
				CLANG_WARN_DEPRECATED_OBJC_IMPLEMENTATIONS = YES;
				CLANG_WARN_DIRECT_OBJC_ISA_USAGE = YES_ERROR;
				CLANG_WARN_DOCUMENTATION_COMMENTS = YES;
				CLANG_WARN_EMPTY_BODY = YES;
				CLANG_WARN_ENUM_CONVERSION = YES;
				CLANG_WARN_INFINITE_RECURSION = YES;
				CLANG_WARN_INT_CONVERSION = YES;
				CLANG_WARN_NON_LITERAL_NULL_CONVERSION = YES;
				CLANG_WARN_OBJC_IMPLICIT_RETAIN_SELF = YES;
				CLANG_WARN_OBJC_LITERAL_CONVERSION = YES;
				CLANG_WARN_OBJC_ROOT_CLASS = YES_ERROR;
				CLANG_WARN_QUOTED_INCLUDE_IN_FRAMEWORK_HEADER = YES;
				CLANG_WARN_RANGE_LOOP_ANALYSIS = YES;
				CLANG_WARN_STRICT_PROTOTYPES = YES;
				CLANG_WARN_SUSPICIOUS_MOVE = YES;
				CLANG_WARN_UNGUARDED_AVAILABILITY = YES_AGGRESSIVE;
				CLANG_WARN_UNREACHABLE_CODE = YES;
				CLANG_WARN__DUPLICATE_METHOD_MATCH = YES;
				COPY_PHASE_STRIP = NO;
				DEBUG_INFORMATION_FORMAT = "dwarf-with-dsym";
				ENABLE_NS_ASSERTIONS = NO;
				ENABLE_STRICT_OBJC_MSGSEND = YES;
				GCC_C_LANGUAGE_STANDARD = gnu11;
				GCC_NO_COMMON_BLOCKS = YES;
				GCC_WARN_64_TO_32_BIT_CONVERSION = YES;
				GCC_WARN_ABOUT_RETURN_TYPE = YES_ERROR;
				GCC_WARN_UNDECLARED_SELECTOR = YES;
				GCC_WARN_UNINITIALIZED_AUTOS = YES_AGGRESSIVE;
				GCC_WARN_UNUSED_FUNCTION = YES;
				GCC_WARN_UNUSED_VARIABLE = YES;
				MTL_ENABLE_DEBUG_INFO = NO;
				MTL_FAST_MATH = YES;
				SWIFT_COMPILATION_MODE = wholemodule;
				SWIFT_OPTIMIZATION_LEVEL = "-O";
			};
			name = Release;
		};
		9FFD5701299F12430040B573 /* Debug */ = {
			isa = XCBuildConfiguration;
			buildSettings = {
				ASSETCATALOG_COMPILER_APPICON_NAME = AppIcon;
				ASSETCATALOG_COMPILER_GLOBAL_ACCENT_COLOR_NAME = AccentColor;
				CODE_SIGN_ENTITLEMENTS = "AvGeek Guy/AvGeek_Guy.entitlements";
				CODE_SIGN_STYLE = Automatic;
				CURRENT_PROJECT_VERSION = 1;
				DEVELOPMENT_ASSET_PATHS = "\"AvGeek Guy/Preview Content\"";
				DEVELOPMENT_TEAM = 26A9C3Z9L5;
				ENABLE_HARDENED_RUNTIME = YES;
				ENABLE_PREVIEWS = YES;
				GENERATE_INFOPLIST_FILE = YES;
				"INFOPLIST_KEY_UIApplicationSceneManifest_Generation[sdk=iphoneos*]" = YES;
				"INFOPLIST_KEY_UIApplicationSceneManifest_Generation[sdk=iphonesimulator*]" = YES;
				"INFOPLIST_KEY_UIApplicationSupportsIndirectInputEvents[sdk=iphoneos*]" = YES;
				"INFOPLIST_KEY_UIApplicationSupportsIndirectInputEvents[sdk=iphonesimulator*]" = YES;
				"INFOPLIST_KEY_UILaunchScreen_Generation[sdk=iphoneos*]" = YES;
				"INFOPLIST_KEY_UILaunchScreen_Generation[sdk=iphonesimulator*]" = YES;
				"INFOPLIST_KEY_UIStatusBarStyle[sdk=iphoneos*]" = UIStatusBarStyleDefault;
				"INFOPLIST_KEY_UIStatusBarStyle[sdk=iphonesimulator*]" = UIStatusBarStyleDefault;
				INFOPLIST_KEY_UISupportedInterfaceOrientations_iPad = "UIInterfaceOrientationPortrait UIInterfaceOrientationPortraitUpsideDown UIInterfaceOrientationLandscapeLeft UIInterfaceOrientationLandscapeRight";
				INFOPLIST_KEY_UISupportedInterfaceOrientations_iPhone = "UIInterfaceOrientationPortrait UIInterfaceOrientationLandscapeLeft UIInterfaceOrientationLandscapeRight";
				IPHONEOS_DEPLOYMENT_TARGET = 16.2;
				LD_RUNPATH_SEARCH_PATHS = "@executable_path/Frameworks";
				"LD_RUNPATH_SEARCH_PATHS[sdk=macosx*]" = "@executable_path/../Frameworks";
				MACOSX_DEPLOYMENT_TARGET = 13.1;
				MARKETING_VERSION = 1.0;
				PRODUCT_BUNDLE_IDENTIFIER = "live.AvGeek-Guy";
				PRODUCT_NAME = "$(TARGET_NAME)";
				SDKROOT = auto;
				SUPPORTED_PLATFORMS = "iphoneos iphonesimulator macosx";
				SWIFT_EMIT_LOC_STRINGS = YES;
				SWIFT_VERSION = 5.0;
				TARGETED_DEVICE_FAMILY = "1,2";
			};
			name = Debug;
		};
		9FFD5702299F12430040B573 /* Release */ = {
			isa = XCBuildConfiguration;
			buildSettings = {
				ASSETCATALOG_COMPILER_APPICON_NAME = AppIcon;
				ASSETCATALOG_COMPILER_GLOBAL_ACCENT_COLOR_NAME = AccentColor;
				CODE_SIGN_ENTITLEMENTS = "AvGeek Guy/AvGeek_Guy.entitlements";
				CODE_SIGN_STYLE = Automatic;
				CURRENT_PROJECT_VERSION = 1;
				DEVELOPMENT_ASSET_PATHS = "\"AvGeek Guy/Preview Content\"";
				DEVELOPMENT_TEAM = 26A9C3Z9L5;
				ENABLE_HARDENED_RUNTIME = YES;
				ENABLE_PREVIEWS = YES;
				GENERATE_INFOPLIST_FILE = YES;
				"INFOPLIST_KEY_UIApplicationSceneManifest_Generation[sdk=iphoneos*]" = YES;
				"INFOPLIST_KEY_UIApplicationSceneManifest_Generation[sdk=iphonesimulator*]" = YES;
				"INFOPLIST_KEY_UIApplicationSupportsIndirectInputEvents[sdk=iphoneos*]" = YES;
				"INFOPLIST_KEY_UIApplicationSupportsIndirectInputEvents[sdk=iphonesimulator*]" = YES;
				"INFOPLIST_KEY_UILaunchScreen_Generation[sdk=iphoneos*]" = YES;
				"INFOPLIST_KEY_UILaunchScreen_Generation[sdk=iphonesimulator*]" = YES;
				"INFOPLIST_KEY_UIStatusBarStyle[sdk=iphoneos*]" = UIStatusBarStyleDefault;
				"INFOPLIST_KEY_UIStatusBarStyle[sdk=iphonesimulator*]" = UIStatusBarStyleDefault;
				INFOPLIST_KEY_UISupportedInterfaceOrientations_iPad = "UIInterfaceOrientationPortrait UIInterfaceOrientationPortraitUpsideDown UIInterfaceOrientationLandscapeLeft UIInterfaceOrientationLandscapeRight";
				INFOPLIST_KEY_UISupportedInterfaceOrientations_iPhone = "UIInterfaceOrientationPortrait UIInterfaceOrientationLandscapeLeft UIInterfaceOrientationLandscapeRight";
				IPHONEOS_DEPLOYMENT_TARGET = 16.2;
				LD_RUNPATH_SEARCH_PATHS = "@executable_path/Frameworks";
				"LD_RUNPATH_SEARCH_PATHS[sdk=macosx*]" = "@executable_path/../Frameworks";
				MACOSX_DEPLOYMENT_TARGET = 13.1;
				MARKETING_VERSION = 1.0;
				PRODUCT_BUNDLE_IDENTIFIER = "live.AvGeek-Guy";
				PRODUCT_NAME = "$(TARGET_NAME)";
				SDKROOT = auto;
				SUPPORTED_PLATFORMS = "iphoneos iphonesimulator macosx";
				SWIFT_EMIT_LOC_STRINGS = YES;
				SWIFT_VERSION = 5.0;
				TARGETED_DEVICE_FAMILY = "1,2";
			};
			name = Release;
		};
		9FFD5704299F12430040B573 /* Debug */ = {
			isa = XCBuildConfiguration;
			buildSettings = {
				ALWAYS_EMBED_SWIFT_STANDARD_LIBRARIES = YES;
				BUNDLE_LOADER = "$(TEST_HOST)";
				CODE_SIGN_STYLE = Automatic;
				CURRENT_PROJECT_VERSION = 1;
				DEVELOPMENT_TEAM = 26A9C3Z9L5;
				GENERATE_INFOPLIST_FILE = YES;
				IPHONEOS_DEPLOYMENT_TARGET = 16.2;
				MACOSX_DEPLOYMENT_TARGET = 13.1;
				MARKETING_VERSION = 1.0;
				PRODUCT_BUNDLE_IDENTIFIER = "live.AvGeek-GuyTests";
				PRODUCT_NAME = "$(TARGET_NAME)";
				SDKROOT = auto;
				SUPPORTED_PLATFORMS = "iphoneos iphonesimulator macosx";
				SWIFT_EMIT_LOC_STRINGS = NO;
				SWIFT_VERSION = 5.0;
				TARGETED_DEVICE_FAMILY = "1,2";
				TEST_HOST = "$(BUILT_PRODUCTS_DIR)/AvGeek Guy.app/$(BUNDLE_EXECUTABLE_FOLDER_PATH)/AvGeek Guy";
			};
			name = Debug;
		};
		9FFD5705299F12430040B573 /* Release */ = {
			isa = XCBuildConfiguration;
			buildSettings = {
				ALWAYS_EMBED_SWIFT_STANDARD_LIBRARIES = YES;
				BUNDLE_LOADER = "$(TEST_HOST)";
				CODE_SIGN_STYLE = Automatic;
				CURRENT_PROJECT_VERSION = 1;
				DEVELOPMENT_TEAM = 26A9C3Z9L5;
				GENERATE_INFOPLIST_FILE = YES;
				IPHONEOS_DEPLOYMENT_TARGET = 16.2;
				MACOSX_DEPLOYMENT_TARGET = 13.1;
				MARKETING_VERSION = 1.0;
				PRODUCT_BUNDLE_IDENTIFIER = "live.AvGeek-GuyTests";
				PRODUCT_NAME = "$(TARGET_NAME)";
				SDKROOT = auto;
				SUPPORTED_PLATFORMS = "iphoneos iphonesimulator macosx";
				SWIFT_EMIT_LOC_STRINGS = NO;
				SWIFT_VERSION = 5.0;
				TARGETED_DEVICE_FAMILY = "1,2";
				TEST_HOST = "$(BUILT_PRODUCTS_DIR)/AvGeek Guy.app/$(BUNDLE_EXECUTABLE_FOLDER_PATH)/AvGeek Guy";
			};
			name = Release;
		};
		9FFD5707299F12430040B573 /* Debug */ = {
			isa = XCBuildConfiguration;
			buildSettings = {
				ALWAYS_EMBED_SWIFT_STANDARD_LIBRARIES = YES;
				CODE_SIGN_STYLE = Automatic;
				CURRENT_PROJECT_VERSION = 1;
				DEVELOPMENT_TEAM = 26A9C3Z9L5;
				GENERATE_INFOPLIST_FILE = YES;
				IPHONEOS_DEPLOYMENT_TARGET = 16.2;
				MACOSX_DEPLOYMENT_TARGET = 13.1;
				MARKETING_VERSION = 1.0;
				PRODUCT_BUNDLE_IDENTIFIER = "live.AvGeek-GuyUITests";
				PRODUCT_NAME = "$(TARGET_NAME)";
				SDKROOT = auto;
				SUPPORTED_PLATFORMS = "iphoneos iphonesimulator macosx";
				SWIFT_EMIT_LOC_STRINGS = NO;
				SWIFT_VERSION = 5.0;
				TARGETED_DEVICE_FAMILY = "1,2";
				TEST_TARGET_NAME = "AvGeek Guy";
			};
			name = Debug;
		};
		9FFD5708299F12430040B573 /* Release */ = {
			isa = XCBuildConfiguration;
			buildSettings = {
				ALWAYS_EMBED_SWIFT_STANDARD_LIBRARIES = YES;
				CODE_SIGN_STYLE = Automatic;
				CURRENT_PROJECT_VERSION = 1;
				DEVELOPMENT_TEAM = 26A9C3Z9L5;
				GENERATE_INFOPLIST_FILE = YES;
				IPHONEOS_DEPLOYMENT_TARGET = 16.2;
				MACOSX_DEPLOYMENT_TARGET = 13.1;
				MARKETING_VERSION = 1.0;
				PRODUCT_BUNDLE_IDENTIFIER = "live.AvGeek-GuyUITests";
				PRODUCT_NAME = "$(TARGET_NAME)";
				SDKROOT = auto;
				SUPPORTED_PLATFORMS = "iphoneos iphonesimulator macosx";
				SWIFT_EMIT_LOC_STRINGS = NO;
				SWIFT_VERSION = 5.0;
				TARGETED_DEVICE_FAMILY = "1,2";
				TEST_TARGET_NAME = "AvGeek Guy";
			};
			name = Release;
		};
/* End XCBuildConfiguration section */

/* Begin XCConfigurationList section */
		9FFD56D1299F12400040B573 /* Build configuration list for PBXProject "AvGeek Guy" */ = {
			isa = XCConfigurationList;
			buildConfigurations = (
				9FFD56FE299F12430040B573 /* Debug */,
				9FFD56FF299F12430040B573 /* Release */,
			);
			defaultConfigurationIsVisible = 0;
			defaultConfigurationName = Release;
		};
		9FFD5700299F12430040B573 /* Build configuration list for PBXNativeTarget "AvGeek Guy" */ = {
			isa = XCConfigurationList;
			buildConfigurations = (
				9FFD5701299F12430040B573 /* Debug */,
				9FFD5702299F12430040B573 /* Release */,
			);
			defaultConfigurationIsVisible = 0;
			defaultConfigurationName = Release;
		};
		9FFD5703299F12430040B573 /* Build configuration list for PBXNativeTarget "AvGeek GuyTests" */ = {
			isa = XCConfigurationList;
			buildConfigurations = (
				9FFD5704299F12430040B573 /* Debug */,
				9FFD5705299F12430040B573 /* Release */,
			);
			defaultConfigurationIsVisible = 0;
			defaultConfigurationName = Release;
		};
		9FFD5706299F12430040B573 /* Build configuration list for PBXNativeTarget "AvGeek GuyUITests" */ = {
			isa = XCConfigurationList;
			buildConfigurations = (
				9FFD5707299F12430040B573 /* Debug */,
				9FFD5708299F12430040B573 /* Release */,
			);
			defaultConfigurationIsVisible = 0;
			defaultConfigurationName = Release;
		};
/* End XCConfigurationList section */

/* Begin XCVersionGroup section */
		9FFD56DD299F12400040B573 /* AvGeek_Guy.xcdatamodeld */ = {
			isa = XCVersionGroup;
			children = (
				9FFD56DE299F12400040B573 /* AvGeek_Guy.xcdatamodel */,
			);
			currentVersion = 9FFD56DE299F12400040B573 /* AvGeek_Guy.xcdatamodel */;
			path = AvGeek_Guy.xcdatamodeld;
			sourceTree = "<group>";
			versionGroupType = wrapper.xcdatamodel;
		};
/* End XCVersionGroup section */
	};
	rootObject = 9FFD56CE299F12400040B573 /* Project object */;
}
